
Microsoft Visual Studio Solution File, Format Version 12.00
# Visual Studio Version 17
VisualStudioVersion = 17.13.35913.81 d17.13
MinimumVisualStudioVersion = 10.0.40219.1
Project("{FAE04EC0-301F-11D3-BF4B-00C04F79EFBC}") = "ProjetoEcommerce", "ProjetoEcommerce\ProjetoEcommerce.csproj", "{3269CDA1-3B41-4073-8B45-734F24057964}"
EndProject
Global
	GlobalSection(SolutionConfigurationPlatforms) = preSolution
		Debug|Any CPU = Debug|Any CPU
		Release|Any CPU = Release|Any CPU
	EndGlobalSection
	GlobalSection(ProjectConfigurationPlatforms) = postSolution
		{3269CDA1-3B41-4073-8B45-734F24057964}.Debug|Any CPU.ActiveCfg = Debug|Any CPU
		{3269CDA1-3B41-4073-8B45-734F24057964}.Debug|Any CPU.Build.0 = Debug|Any CPU
		{3269CDA1-3B41-4073-8B45-734F24057964}.Release|Any CPU.ActiveCfg = Release|Any CPU
		{3269CDA1-3B41-4073-8B45-734F24057964}.Release|Any CPU.Build.0 = Release|Any CPU
	EndGlobalSection
	GlobalSection(SolutionProperties) = preSolution
		HideSolutionNode = FALSE
	EndGlobalSection
	GlobalSection(ExtensibilityGlobals) = postSolution
		SolutionGuid = {75A69E29-BD0F-4113-BBF1-0F2046CF1CA8}
	EndGlobalSection
EndGlobal
